
Microsoft Visual Studio Solution File, Format Version 12.00
# Visual Studio Version 16
VisualStudioVersion = 16.0.29123.88
MinimumVisualStudioVersion = 10.0.40219.1
Project("{FAE04EC0-301F-11D3-BF4B-00C04F79EFBC}") = "graphql-webapi", "graphql-webapi\graphql-webapi.csproj", "{37FC5842-CA6D-4538-8D7F-478F7A8F9925}"
EndProject
Global
	GlobalSection(SolutionConfigurationPlatforms) = preSolution
		Debug|Any CPU = Debug|Any CPU
		Release|Any CPU = Release|Any CPU
	EndGlobalSection
	GlobalSection(ProjectConfigurationPlatforms) = postSolution
		{37FC5842-CA6D-4538-8D7F-478F7A8F9925}.Debug|Any CPU.ActiveCfg = Debug|Any CPU
		{37FC5842-CA6D-4538-8D7F-478F7A8F9925}.Debug|Any CPU.Build.0 = Debug|Any CPU
		{37FC5842-CA6D-4538-8D7F-478F7A8F9925}.Release|Any CPU.ActiveCfg = Release|Any CPU
		{37FC5842-CA6D-4538-8D7F-478F7A8F9925}.Release|Any CPU.Build.0 = Release|Any CPU
	EndGlobalSection
	GlobalSection(SolutionProperties) = preSolution
		HideSolutionNode = FALSE
	EndGlobalSection
	GlobalSection(ExtensibilityGlobals) = postSolution
		SolutionGuid = {46498857-994A-4B6C-891B-BE1FD44386C0}
	EndGlobalSection
EndGlobal
